<?xml version="1.0" encoding="utf-8"?>
<Project ToolsVersion="4.0" xmlns="http://schemas.microsoft.com/developer/msbuild/2003">
  <ItemGroup>
    <Filter Include="Source Files">
      <UniqueIdentifier>{4FC737F1-C7A5-4376-A066-2A32D752A2FF}</UniqueIdentifier>
      <Extensions>cpp;c;cc;cxx;def;odl;idl;hpj;bat;asm;asmx</Extensions>
    </Filter>
    <Filter Include="rank_service_core">
      <UniqueIdentifier>{6f2d423b-405e-48e5-b703-968ec278374d}</UniqueIdentifier>
    </Filter>
    <Filter Include="rank_service_core\proto">
      <UniqueIdentifier>{93995380-89BD-4b04-88EB-625FBE52EBFB}</UniqueIdentifier>
      <Extensions>h;hh;hpp;hxx;hm;inl;inc;xsd</Extensions>
    </Filter>
  </ItemGroup>
  <ItemGroup>
    <ClCompile Include="main.cpp">
      <Filter>Source Files</Filter>
    </ClCompile>
    <ClCompile Include="rank_service_core\rank_client.cpp">
      <Filter>rank_service_core</Filter>
    </ClCompile>
    <ClCompile Include="rank_service_core\rank_service_core.cpp">
      <Filter>rank_service_core</Filter>
    </ClCompile>
    <ClCompile Include="rank_module.cpp">
      <Filter>Source Files</Filter>
    </ClCompile>
    <ClCompile Include="story_dup_rank.cpp">
      <Filter>Source Files</Filter>
    </ClCompile>
    <ClCompile Include="firm_strength_rank.cpp">
      <Filter>Source Files</Filter>
    </ClCompile>
    <ClCompile Include="rank_service_core\proto\bs.pb.cc">
      <Filter>rank_service_core\proto</Filter>
    </ClCompile>
    <ClCompile Include="rank_service_core\proto\gate.pb.cc">
      <Filter>rank_service_core\proto</Filter>
    </ClCompile>
    <ClCompile Include="rank_service_core\proto\gs.pb.cc">
      <Filter>rank_service_core\proto</Filter>
    </ClCompile>
  </ItemGroup>
  <ItemGroup>
    <ClInclude Include="singleton.h">
      <Filter>Source Files</Filter>
    </ClInclude>
    <ClInclude Include="util.h">
      <Filter>Source Files</Filter>
    </ClInclude>
    <ClInclude Include="rank_service_core\rank_client.hpp">
      <Filter>rank_service_core</Filter>
    </ClInclude>
    <ClInclude Include="rank_service_core\rank_service_core.h">
      <Filter>rank_service_core</Filter>
    </ClInclude>
    <ClInclude Include="rank_module.h">
      <Filter>Source Files</Filter>
    </ClInclude>
    <ClInclude Include="story_dup_rank.h">
      <Filter>Source Files</Filter>
    </ClInclude>
    <ClInclude Include="firm_strength_rank.h">
      <Filter>Source Files</Filter>
    </ClInclude>
    <ClInclude Include="rank_service_core\proto\bs.pb.h">
      <Filter>rank_service_core\proto</Filter>
    </ClInclude>
    <ClInclude Include="rank_service_core\proto\gate.pb.h">
      <Filter>rank_service_core\proto</Filter>
    </ClInclude>
    <ClInclude Include="rank_service_core\proto\gs.pb.h">
      <Filter>rank_service_core\proto</Filter>
    </ClInclude>
    <ClInclude Include="rank_service_core\error_code.h">
      <Filter>rank_service_core</Filter>
    </ClInclude>
    <ClInclude Include="rank_service_core\net_base_define.h">
      <Filter>rank_service_core</Filter>
    </ClInclude>
  </ItemGroup>
</Project>